
Microsoft Visual Studio Solution File, Format Version 12.00
# Visual Studio Version 16
VisualStudioVersion = 16.0.30907.101
MinimumVisualStudioVersion = 10.0.40219.1
Project("{FAE04EC0-301F-11D3-BF4B-00C04F79EFBC}") = "Gerenciador de Estoque", "Gerenciador de Estoque.csproj", "{22FE4282-8705-4626-A94E-7E5EEF902CAC}"
EndProject
Project("{FAE04EC0-301F-11D3-BF4B-00C04F79EFBC}") = "Gerenciado de Estoque TESTES", "..\Gerenciado de Estoque TESTES\Gerenciado de Estoque TESTES.csproj", "{8F95CCD1-34D3-4CC5-8AD2-1AF6C1B2687C}"
EndProject
Global
	GlobalSection(SolutionConfigurationPlatforms) = preSolution
		Debug|Any CPU = Debug|Any CPU
		Release|Any CPU = Release|Any CPU
	EndGlobalSection
	GlobalSection(ProjectConfigurationPlatforms) = postSolution
		{22FE4282-8705-4626-A94E-7E5EEF902CAC}.Debug|Any CPU.ActiveCfg = Debug|Any CPU
		{22FE4282-8705-4626-A94E-7E5EEF902CAC}.Debug|Any CPU.Build.0 = Debug|Any CPU
		{22FE4282-8705-4626-A94E-7E5EEF902CAC}.Release|Any CPU.ActiveCfg = Release|Any CPU
		{22FE4282-8705-4626-A94E-7E5EEF902CAC}.Release|Any CPU.Build.0 = Release|Any CPU
		{8F95CCD1-34D3-4CC5-8AD2-1AF6C1B2687C}.Debug|Any CPU.ActiveCfg = Debug|Any CPU
		{8F95CCD1-34D3-4CC5-8AD2-1AF6C1B2687C}.Debug|Any CPU.Build.0 = Debug|Any CPU
		{8F95CCD1-34D3-4CC5-8AD2-1AF6C1B2687C}.Release|Any CPU.ActiveCfg = Release|Any CPU
		{8F95CCD1-34D3-4CC5-8AD2-1AF6C1B2687C}.Release|Any CPU.Build.0 = Release|Any CPU
	EndGlobalSection
	GlobalSection(SolutionProperties) = preSolution
		HideSolutionNode = FALSE
	EndGlobalSection
	GlobalSection(ExtensibilityGlobals) = postSolution
		SolutionGuid = {7AF1193E-AA36-457D-A7EE-3BD0EF511DB7}
	EndGlobalSection
EndGlobal
